
Microsoft Visual Studio Solution File, Format Version 12.00
# Visual Studio Version 17
VisualStudioVersion = 17.0.31903.59
MinimumVisualStudioVersion = 10.0.40219.1
Project("{2150E333-8FDC-42A3-9474-1A3956D46DE8}") = "src", "src", "{827E0CD3-B72D-47B6-A68D-7590B98EB39B}"
EndProject
Project("{FAE04EC0-301F-11D3-BF4B-00C04F79EFBC}") = "KanbanBoard.Api", "src\KanbanBoard.Api\KanbanBoard.Api.csproj", "{90BDA552-A1AE-44A6-B853-D26F955B00C1}"
EndProject
Project("{FAE04EC0-301F-11D3-BF4B-00C04F79EFBC}") = "KanbanBoard.Application", "src\KanbanBoard.Application\KanbanBoard.Application.csproj", "{942256CD-F395-40F8-9EEE-A8B978A4E2D4}"
EndProject
Project("{FAE04EC0-301F-11D3-BF4B-00C04F79EFBC}") = "KanbanBoard.Domain", "src\KanbanBoard.Domain\KanbanBoard.Domain.csproj", "{BCD78A8C-FB70-4826-9584-2B88FC740D4A}"
EndProject
Project("{FAE04EC0-301F-11D3-BF4B-00C04F79EFBC}") = "KanbanBoard.Infrastructure", "src\KanbanBoard.Infrastructure\KanbanBoard.Infrastructure.csproj", "{4B40F6A2-BF39-462A-B3D7-A6C775DA2C85}"
EndProject
Project("{FAE04EC0-301F-11D3-BF4B-00C04F79EFBC}") = "KanbanBoard.Config", "src\KanbanBoard.Config\KanbanBoard.Config.csproj", "{4329E33E-27B3-43EE-BABB-A48274DEEC40}"
EndProject
Project("{2150E333-8FDC-42A3-9474-1A3956D46DE8}") = "tests", "tests", "{0AB3BF05-4346-4AA6-1389-037BE0695223}"
EndProject
Project("{FAE04EC0-301F-11D3-BF4B-00C04F79EFBC}") = "KanbanBoard.Application.Tests", "tests\KanbanBoard.Application.Tests\KanbanBoard.Application.Tests.csproj", "{04B5A81C-0F64-4491-98A5-85CC4E473A7A}"
EndProject
Project("{FAE04EC0-301F-11D3-BF4B-00C04F79EFBC}") = "KanbanBoard.Api.Tests", "tests\KanbanBoard.Api.Tests\KanbanBoard.Api.Tests.csproj", "{5E476734-0F61-4586-89B0-84C8E4B21121}"
EndProject
Global
	GlobalSection(SolutionConfigurationPlatforms) = preSolution
		Debug|Any CPU = Debug|Any CPU
		Debug|x64 = Debug|x64
		Debug|x86 = Debug|x86
		Release|Any CPU = Release|Any CPU
		Release|x64 = Release|x64
		Release|x86 = Release|x86
	EndGlobalSection
	GlobalSection(ProjectConfigurationPlatforms) = postSolution
		{90BDA552-A1AE-44A6-B853-D26F955B00C1}.Debug|Any CPU.ActiveCfg = Debug|Any CPU
		{90BDA552-A1AE-44A6-B853-D26F955B00C1}.Debug|Any CPU.Build.0 = Debug|Any CPU
		{90BDA552-A1AE-44A6-B853-D26F955B00C1}.Debug|x64.ActiveCfg = Debug|Any CPU
		{90BDA552-A1AE-44A6-B853-D26F955B00C1}.Debug|x64.Build.0 = Debug|Any CPU
		{90BDA552-A1AE-44A6-B853-D26F955B00C1}.Debug|x86.ActiveCfg = Debug|Any CPU
		{90BDA552-A1AE-44A6-B853-D26F955B00C1}.Debug|x86.Build.0 = Debug|Any CPU
		{90BDA552-A1AE-44A6-B853-D26F955B00C1}.Release|Any CPU.ActiveCfg = Release|Any CPU
		{90BDA552-A1AE-44A6-B853-D26F955B00C1}.Release|Any CPU.Build.0 = Release|Any CPU
		{90BDA552-A1AE-44A6-B853-D26F955B00C1}.Release|x64.ActiveCfg = Release|Any CPU
		{90BDA552-A1AE-44A6-B853-D26F955B00C1}.Release|x64.Build.0 = Release|Any CPU
		{90BDA552-A1AE-44A6-B853-D26F955B00C1}.Release|x86.ActiveCfg = Release|Any CPU
		{90BDA552-A1AE-44A6-B853-D26F955B00C1}.Release|x86.Build.0 = Release|Any CPU
		{942256CD-F395-40F8-9EEE-A8B978A4E2D4}.Debug|Any CPU.ActiveCfg = Debug|Any CPU
		{942256CD-F395-40F8-9EEE-A8B978A4E2D4}.Debug|Any CPU.Build.0 = Debug|Any CPU
		{942256CD-F395-40F8-9EEE-A8B978A4E2D4}.Debug|x64.ActiveCfg = Debug|Any CPU
		{942256CD-F395-40F8-9EEE-A8B978A4E2D4}.Debug|x64.Build.0 = Debug|Any CPU
		{942256CD-F395-40F8-9EEE-A8B978A4E2D4}.Debug|x86.ActiveCfg = Debug|Any CPU
		{942256CD-F395-40F8-9EEE-A8B978A4E2D4}.Debug|x86.Build.0 = Debug|Any CPU
		{942256CD-F395-40F8-9EEE-A8B978A4E2D4}.Release|Any CPU.ActiveCfg = Release|Any CPU
		{942256CD-F395-40F8-9EEE-A8B978A4E2D4}.Release|Any CPU.Build.0 = Release|Any CPU
		{942256CD-F395-40F8-9EEE-A8B978A4E2D4}.Release|x64.ActiveCfg = Release|Any CPU
		{942256CD-F395-40F8-9EEE-A8B978A4E2D4}.Release|x64.Build.0 = Release|Any CPU
		{942256CD-F395-40F8-9EEE-A8B978A4E2D4}.Release|x86.ActiveCfg = Release|Any CPU
		{942256CD-F395-40F8-9EEE-A8B978A4E2D4}.Release|x86.Build.0 = Release|Any CPU
		{BCD78A8C-FB70-4826-9584-2B88FC740D4A}.Debug|Any CPU.ActiveCfg = Debug|Any CPU
		{BCD78A8C-FB70-4826-9584-2B88FC740D4A}.Debug|Any CPU.Build.0 = Debug|Any CPU
		{BCD78A8C-FB70-4826-9584-2B88FC740D4A}.Debug|x64.ActiveCfg = Debug|Any CPU
		{BCD78A8C-FB70-4826-9584-2B88FC740D4A}.Debug|x64.Build.0 = Debug|Any CPU
		{BCD78A8C-FB70-4826-9584-2B88FC740D4A}.Debug|x86.ActiveCfg = Debug|Any CPU
		{BCD78A8C-FB70-4826-9584-2B88FC740D4A}.Debug|x86.Build.0 = Debug|Any CPU
		{BCD78A8C-FB70-4826-9584-2B88FC740D4A}.Release|Any CPU.ActiveCfg = Release|Any CPU
		{BCD78A8C-FB70-4826-9584-2B88FC740D4A}.Release|Any CPU.Build.0 = Release|Any CPU
		{BCD78A8C-FB70-4826-9584-2B88FC740D4A}.Release|x64.ActiveCfg = Release|Any CPU
		{BCD78A8C-FB70-4826-9584-2B88FC740D4A}.Release|x64.Build.0 = Release|Any CPU
		{BCD78A8C-FB70-4826-9584-2B88FC740D4A}.Release|x86.ActiveCfg = Release|Any CPU
		{BCD78A8C-FB70-4826-9584-2B88FC740D4A}.Release|x86.Build.0 = Release|Any CPU
		{4B40F6A2-BF39-462A-B3D7-A6C775DA2C85}.Debug|Any CPU.ActiveCfg = Debug|Any CPU
		{4B40F6A2-BF39-462A-B3D7-A6C775DA2C85}.Debug|Any CPU.Build.0 = Debug|Any CPU
		{4B40F6A2-BF39-462A-B3D7-A6C775DA2C85}.Debug|x64.ActiveCfg = Debug|Any CPU
		{4B40F6A2-BF39-462A-B3D7-A6C775DA2C85}.Debug|x64.Build.0 = Debug|Any CPU
		{4B40F6A2-BF39-462A-B3D7-A6C775DA2C85}.Debug|x86.ActiveCfg = Debug|Any CPU
		{4B40F6A2-BF39-462A-B3D7-A6C775DA2C85}.Debug|x86.Build.0 = Debug|Any CPU
		{4B40F6A2-BF39-462A-B3D7-A6C775DA2C85}.Release|Any CPU.ActiveCfg = Release|Any CPU
		{4B40F6A2-BF39-462A-B3D7-A6C775DA2C85}.Release|Any CPU.Build.0 = Release|Any CPU
		{4B40F6A2-BF39-462A-B3D7-A6C775DA2C85}.Release|x64.ActiveCfg = Release|Any CPU
		{4B40F6A2-BF39-462A-B3D7-A6C775DA2C85}.Release|x64.Build.0 = Release|Any CPU
		{4B40F6A2-BF39-462A-B3D7-A6C775DA2C85}.Release|x86.ActiveCfg = Release|Any CPU
		{4B40F6A2-BF39-462A-B3D7-A6C775DA2C85}.Release|x86.Build.0 = Release|Any CPU
		{4329E33E-27B3-43EE-BABB-A48274DEEC40}.Debug|Any CPU.ActiveCfg = Debug|Any CPU
		{4329E33E-27B3-43EE-BABB-A48274DEEC40}.Debug|Any CPU.Build.0 = Debug|Any CPU
		{4329E33E-27B3-43EE-BABB-A48274DEEC40}.Debug|x64.ActiveCfg = Debug|Any CPU
		{4329E33E-27B3-43EE-BABB-A48274DEEC40}.Debug|x64.Build.0 = Debug|Any CPU
		{4329E33E-27B3-43EE-BABB-A48274DEEC40}.Debug|x86.ActiveCfg = Debug|Any CPU
		{4329E33E-27B3-43EE-BABB-A48274DEEC40}.Debug|x86.Build.0 = Debug|Any CPU
		{4329E33E-27B3-43EE-BABB-A48274DEEC40}.Release|Any CPU.ActiveCfg = Release|Any CPU
		{4329E33E-27B3-43EE-BABB-A48274DEEC40}.Release|Any CPU.Build.0 = Release|Any CPU
		{4329E33E-27B3-43EE-BABB-A48274DEEC40}.Release|x64.ActiveCfg = Release|Any CPU
		{4329E33E-27B3-43EE-BABB-A48274DEEC40}.Release|x64.Build.0 = Release|Any CPU
		{4329E33E-27B3-43EE-BABB-A48274DEEC40}.Release|x86.ActiveCfg = Release|Any CPU
		{4329E33E-27B3-43EE-BABB-A48274DEEC40}.Release|x86.Build.0 = Release|Any CPU
		{04B5A81C-0F64-4491-98A5-85CC4E473A7A}.Debug|Any CPU.ActiveCfg = Debug|Any CPU
		{04B5A81C-0F64-4491-98A5-85CC4E473A7A}.Debug|Any CPU.Build.0 = Debug|Any CPU
		{04B5A81C-0F64-4491-98A5-85CC4E473A7A}.Debug|x64.ActiveCfg = Debug|Any CPU
		{04B5A81C-0F64-4491-98A5-85CC4E473A7A}.Debug|x64.Build.0 = Debug|Any CPU
		{04B5A81C-0F64-4491-98A5-85CC4E473A7A}.Debug|x86.ActiveCfg = Debug|Any CPU
		{04B5A81C-0F64-4491-98A5-85CC4E473A7A}.Debug|x86.Build.0 = Debug|Any CPU
		{04B5A81C-0F64-4491-98A5-85CC4E473A7A}.Release|Any CPU.ActiveCfg = Release|Any CPU
		{04B5A81C-0F64-4491-98A5-85CC4E473A7A}.Release|Any CPU.Build.0 = Release|Any CPU
		{04B5A81C-0F64-4491-98A5-85CC4E473A7A}.Release|x64.ActiveCfg = Release|Any CPU
		{04B5A81C-0F64-4491-98A5-85CC4E473A7A}.Release|x64.Build.0 = Release|Any CPU
		{04B5A81C-0F64-4491-98A5-85CC4E473A7A}.Release|x86.ActiveCfg = Release|Any CPU
		{04B5A81C-0F64-4491-98A5-85CC4E473A7A}.Release|x86.Build.0 = Release|Any CPU
		{5E476734-0F61-4586-89B0-84C8E4B21121}.Debug|Any CPU.ActiveCfg = Debug|Any CPU
		{5E476734-0F61-4586-89B0-84C8E4B21121}.Debug|Any CPU.Build.0 = Debug|Any CPU
		{5E476734-0F61-4586-89B0-84C8E4B21121}.Debug|x64.ActiveCfg = Debug|Any CPU
		{5E476734-0F61-4586-89B0-84C8E4B21121}.Debug|x64.Build.0 = Debug|Any CPU
		{5E476734-0F61-4586-89B0-84C8E4B21121}.Debug|x86.ActiveCfg = Debug|Any CPU
		{5E476734-0F61-4586-89B0-84C8E4B21121}.Debug|x86.Build.0 = Debug|Any CPU
		{5E476734-0F61-4586-89B0-84C8E4B21121}.Release|Any CPU.ActiveCfg = Release|Any CPU
		{5E476734-0F61-4586-89B0-84C8E4B21121}.Release|Any CPU.Build.0 = Release|Any CPU
		{5E476734-0F61-4586-89B0-84C8E4B21121}.Release|x64.ActiveCfg = Release|Any CPU
		{5E476734-0F61-4586-89B0-84C8E4B21121}.Release|x64.Build.0 = Release|Any CPU
		{5E476734-0F61-4586-89B0-84C8E4B21121}.Release|x86.ActiveCfg = Release|Any CPU
		{5E476734-0F61-4586-89B0-84C8E4B21121}.Release|x86.Build.0 = Release|Any CPU
	EndGlobalSection
	GlobalSection(SolutionProperties) = preSolution
		HideSolutionNode = FALSE
	EndGlobalSection
	GlobalSection(NestedProjects) = preSolution
		{90BDA552-A1AE-44A6-B853-D26F955B00C1} = {827E0CD3-B72D-47B6-A68D-7590B98EB39B}
		{942256CD-F395-40F8-9EEE-A8B978A4E2D4} = {827E0CD3-B72D-47B6-A68D-7590B98EB39B}
		{BCD78A8C-FB70-4826-9584-2B88FC740D4A} = {827E0CD3-B72D-47B6-A68D-7590B98EB39B}
		{4B40F6A2-BF39-462A-B3D7-A6C775DA2C85} = {827E0CD3-B72D-47B6-A68D-7590B98EB39B}
		{4329E33E-27B3-43EE-BABB-A48274DEEC40} = {827E0CD3-B72D-47B6-A68D-7590B98EB39B}
		{04B5A81C-0F64-4491-98A5-85CC4E473A7A} = {0AB3BF05-4346-4AA6-1389-037BE0695223}
		{5E476734-0F61-4586-89B0-84C8E4B21121} = {0AB3BF05-4346-4AA6-1389-037BE0695223}
	EndGlobalSection
EndGlobal
